
Microsoft Visual Studio Solution File, Format Version 12.00
# Visual Studio 14
VisualStudioVersion = 14.0.24720.0
MinimumVisualStudioVersion = 10.0.40219.1
Project("{FAE04EC0-301F-11D3-BF4B-00C04F79EFBC}") = "ClientImplementation", "ClientImplementation\ClientImplementation.csproj", "{DD637E77-8907-42CB-8EE0-6AC2F0C47E2A}"
EndProject
Project("{FAE04EC0-301F-11D3-BF4B-00C04F79EFBC}") = "ChatServer", "ChatServer\ChatServer.csproj", "{DD24FE7E-67A4-4CD8-A1DB-875B3D68D245}"
EndProject
Global
	GlobalSection(SolutionConfigurationPlatforms) = preSolution
		Debug|Any CPU = Debug|Any CPU
		Release|Any CPU = Release|Any CPU
	EndGlobalSection
	GlobalSection(ProjectConfigurationPlatforms) = postSolution
		{DD637E77-8907-42CB-8EE0-6AC2F0C47E2A}.Debug|Any CPU.ActiveCfg = Debug|Any CPU
		{DD637E77-8907-42CB-8EE0-6AC2F0C47E2A}.Debug|Any CPU.Build.0 = Debug|Any CPU
		{DD637E77-8907-42CB-8EE0-6AC2F0C47E2A}.Release|Any CPU.ActiveCfg = Release|Any CPU
		{DD637E77-8907-42CB-8EE0-6AC2F0C47E2A}.Release|Any CPU.Build.0 = Release|Any CPU
		{DD24FE7E-67A4-4CD8-A1DB-875B3D68D245}.Debug|Any CPU.ActiveCfg = Debug|Any CPU
		{DD24FE7E-67A4-4CD8-A1DB-875B3D68D245}.Debug|Any CPU.Build.0 = Debug|Any CPU
		{DD24FE7E-67A4-4CD8-A1DB-875B3D68D245}.Release|Any CPU.ActiveCfg = Release|Any CPU
		{DD24FE7E-67A4-4CD8-A1DB-875B3D68D245}.Release|Any CPU.Build.0 = Release|Any CPU
	EndGlobalSection
	GlobalSection(SolutionProperties) = preSolution
		HideSolutionNode = FALSE
	EndGlobalSection
EndGlobal
